// !$*UTF8*$!
{
	archiveVersion = 1;
	classes = {
	};
	objectVersion = 55;
	objects = {

/* Begin PBXBuildFile section */
		E30F3D5B278AF95C004A463E /* Sentry in Frameworks */ = {isa = PBXBuildFile; productRef = E30F3D5A278AF95C004A463E /* Sentry */; };
		E30FD88923C4515200C716E9 /* SSWebView.swift in Sources */ = {isa = PBXBuildFile; fileRef = E30FD88823C4515200C716E9 /* SSWebView.swift */; };
		E32421342384E9D700D28A91 /* AppState.swift in Sources */ = {isa = PBXBuildFile; fileRef = E32421332384E9D700D28A91 /* AppState.swift */; };
		E32421362384E9D700D28A91 /* AddWebsiteView.swift in Sources */ = {isa = PBXBuildFile; fileRef = E32421352384E9D700D28A91 /* AddWebsiteView.swift */; };
		E32421382384E9D900D28A91 /* Assets.xcassets in Resources */ = {isa = PBXBuildFile; fileRef = E32421372384E9D900D28A91 /* Assets.xcassets */; };
		E324213B2384E9D900D28A91 /* Preview Assets.xcassets in Resources */ = {isa = PBXBuildFile; fileRef = E324213A2384E9D900D28A91 /* Preview Assets.xcassets */; };
		E32421472384EB4E00D28A91 /* DesktopWindow.swift in Sources */ = {isa = PBXBuildFile; fileRef = E32421462384EB4E00D28A91 /* DesktopWindow.swift */; };
		E32421562384F09D00D28A91 /* Constants.swift in Sources */ = {isa = PBXBuildFile; fileRef = E32421552384F09D00D28A91 /* Constants.swift */; };
		E32421582384F0E600D28A91 /* Utilities.swift in Sources */ = {isa = PBXBuildFile; fileRef = E32421572384F0E600D28A91 /* Utilities.swift */; };
		E324215A2384FBE500D28A91 /* WebViewController.swift in Sources */ = {isa = PBXBuildFile; fileRef = E32421592384FBE500D28A91 /* WebViewController.swift */; };
		E3294F7E255783A800D4172F /* Defaults in Frameworks */ = {isa = PBXBuildFile; productRef = E3294F7D255783A800D4172F /* Defaults */; };
		E32AD6AE26D2718B0008D900 /* ShareViewController.swift in Sources */ = {isa = PBXBuildFile; fileRef = E32AD6AD26D2718B0008D900 /* ShareViewController.swift */; };
		E32AD6B626D2718B0008D900 /* ShareExtension.appex in Embed App Extensions */ = {isa = PBXBuildFile; fileRef = E32AD6A926D2718B0008D900 /* ShareExtension.appex */; settings = {ATTRIBUTES = (RemoveHeadersOnCopy, ); }; };
		E32AD6BD26D275070008D900 /* Utilities.swift in Sources */ = {isa = PBXBuildFile; fileRef = E32AD6BC26D275070008D900 /* Utilities.swift */; };
		E333EB1B2385244E005FCE44 /* SettingsView.swift in Sources */ = {isa = PBXBuildFile; fileRef = E333EB1A2385244E005FCE44 /* SettingsView.swift */; };
		E3369A9A265E344300BAC78B /* URLCommands.swift in Sources */ = {isa = PBXBuildFile; fileRef = E3369A99265E344300BAC78B /* URLCommands.swift */; };
		E34FCBCE264D32150022BDD3 /* App.swift in Sources */ = {isa = PBXBuildFile; fileRef = E34FCBCD264D32150022BDD3 /* App.swift */; };
		E354442626061C9100CA060F /* Migration.swift in Sources */ = {isa = PBXBuildFile; fileRef = E354442526061C9100CA060F /* Migration.swift */; };
		E354442C26062D2A00CA060F /* WebsitesWindowController.swift in Sources */ = {isa = PBXBuildFile; fileRef = E354442B26062D2A00CA060F /* WebsitesWindowController.swift */; };
		E354442F26062D6300CA060F /* WebsitesView.swift in Sources */ = {isa = PBXBuildFile; fileRef = E354442E26062D6300CA060F /* WebsitesView.swift */; };
		E354443C2607505100CA060F /* WebsitesController.swift in Sources */ = {isa = PBXBuildFile; fileRef = E354443B2607505100CA060F /* WebsitesController.swift */; };
		E3805F5B2466ED5600489E6C /* KeyboardShortcuts in Frameworks */ = {isa = PBXBuildFile; productRef = E3805F5A2466ED5600489E6C /* KeyboardShortcuts */; };
		E384F28024C3B37E002FD21B /* Events.swift in Sources */ = {isa = PBXBuildFile; fileRef = E384F27F24C3B37E002FD21B /* Events.swift */; };
		E384F28224C3B3CD002FD21B /* Menus.swift in Sources */ = {isa = PBXBuildFile; fileRef = E384F28124C3B3CD002FD21B /* Menus.swift */; };
		E3C4E281251540F7007A6078 /* LaunchAtLogin in Frameworks */ = {isa = PBXBuildFile; productRef = E3C4E280251540F7007A6078 /* LaunchAtLogin */; };
		E3EC5A86250D7A0C00ABE1A1 /* WelcomeView.swift in Sources */ = {isa = PBXBuildFile; fileRef = E3EC5A85250D7A0C00ABE1A1 /* WelcomeView.swift */; };
		E3FA21AD23C74E6B00059E43 /* InternetAccessPolicy.json in Resources */ = {isa = PBXBuildFile; fileRef = E3FA21AC23C74E6B00059E43 /* InternetAccessPolicy.json */; };
		E3FAF815264333D300CF7963 /* Website.swift in Sources */ = {isa = PBXBuildFile; fileRef = E3FAF814264333D300CF7963 /* Website.swift */; };
		E3FC71E1271ECA1E00C9D255 /* Intents.intentdefinition in Sources */ = {isa = PBXBuildFile; fileRef = E3FC71E0271ECA1700C9D255 /* Intents.intentdefinition */; };
		E3FC71E3271ECA9200C9D255 /* IntentHandler.swift in Sources */ = {isa = PBXBuildFile; fileRef = E3FC71E2271ECA9200C9D255 /* IntentHandler.swift */; };
/* End PBXBuildFile section */

/* Begin PBXContainerItemProxy section */
		E32AD6B426D2718B0008D900 /* PBXContainerItemProxy */ = {
			isa = PBXContainerItemProxy;
			containerPortal = E32421282384E9D700D28A91 /* Project object */;
			proxyType = 1;
			remoteGlobalIDString = E32AD6A826D2718B0008D900;
			remoteInfo = ShareExtension;
		};
/* End PBXContainerItemProxy section */

/* Begin PBXCopyFilesBuildPhase section */
		E32AD6B726D2718B0008D900 /* Embed App Extensions */ = {
			isa = PBXCopyFilesBuildPhase;
			buildActionMask = 2147483647;
			dstPath = "";
			dstSubfolderSpec = 13;
			files = (
				E32AD6B626D2718B0008D900 /* ShareExtension.appex in Embed App Extensions */,
			);
			name = "Embed App Extensions";
			runOnlyForDeploymentPostprocessing = 0;
		};
/* End PBXCopyFilesBuildPhase section */

/* Begin PBXFileReference section */
		E30FD88823C4515200C716E9 /* SSWebView.swift */ = {isa = PBXFileReference; fileEncoding = 4; lastKnownFileType = sourcecode.swift; lineEnding = 0; path = SSWebView.swift; sourceTree = "<group>"; usesTabs = 1; };
		E32421302384E9D700D28A91 /* Plash.app */ = {isa = PBXFileReference; explicitFileType = wrapper.application; includeInIndex = 0; path = Plash.app; sourceTree = BUILT_PRODUCTS_DIR; };
		E32421332384E9D700D28A91 /* AppState.swift */ = {isa = PBXFileReference; fileEncoding = 4; lastKnownFileType = sourcecode.swift; lineEnding = 0; path = AppState.swift; sourceTree = "<group>"; usesTabs = 1; };
		E32421352384E9D700D28A91 /* AddWebsiteView.swift */ = {isa = PBXFileReference; fileEncoding = 4; lastKnownFileType = sourcecode.swift; lineEnding = 0; path = AddWebsiteView.swift; sourceTree = "<group>"; usesTabs = 1; };
		E32421372384E9D900D28A91 /* Assets.xcassets */ = {isa = PBXFileReference; lastKnownFileType = folder.assetcatalog; path = Assets.xcassets; sourceTree = "<group>"; };
		E324213A2384E9D900D28A91 /* Preview Assets.xcassets */ = {isa = PBXFileReference; lastKnownFileType = folder.assetcatalog; path = "Preview Assets.xcassets"; sourceTree = "<group>"; };
		E324213F2384E9D900D28A91 /* Info.plist */ = {isa = PBXFileReference; lastKnownFileType = text.plist.xml; path = Info.plist; sourceTree = "<group>"; };
		E32421402384E9D900D28A91 /* Plash.entitlements */ = {isa = PBXFileReference; lastKnownFileType = text.plist.entitlements; path = Plash.entitlements; sourceTree = "<group>"; };
		E32421462384EB4E00D28A91 /* DesktopWindow.swift */ = {isa = PBXFileReference; fileEncoding = 4; lastKnownFileType = sourcecode.swift; lineEnding = 0; path = DesktopWindow.swift; sourceTree = "<group>"; usesTabs = 1; };
		E32421552384F09D00D28A91 /* Constants.swift */ = {isa = PBXFileReference; fileEncoding = 4; lastKnownFileType = sourcecode.swift; lineEnding = 0; path = Constants.swift; sourceTree = "<group>"; usesTabs = 1; };
		E32421572384F0E600D28A91 /* Utilities.swift */ = {isa = PBXFileReference; fileEncoding = 4; lastKnownFileType = sourcecode.swift; lineEnding = 0; path = Utilities.swift; sourceTree = "<group>"; usesTabs = 1; };
		E32421592384FBE500D28A91 /* WebViewController.swift */ = {isa = PBXFileReference; fileEncoding = 4; lastKnownFileType = sourcecode.swift; lineEnding = 0; path = WebViewController.swift; sourceTree = "<group>"; usesTabs = 1; };
		E32AD6A926D2718B0008D900 /* ShareExtension.appex */ = {isa = PBXFileReference; explicitFileType = "wrapper.app-extension"; includeInIndex = 0; path = ShareExtension.appex; sourceTree = BUILT_PRODUCTS_DIR; };
		E32AD6AD26D2718B0008D900 /* ShareViewController.swift */ = {isa = PBXFileReference; lastKnownFileType = sourcecode.swift; path = ShareViewController.swift; sourceTree = "<group>"; };
		E32AD6B226D2718B0008D900 /* Info.plist */ = {isa = PBXFileReference; lastKnownFileType = text.plist.xml; path = Info.plist; sourceTree = "<group>"; };
		E32AD6B326D2718B0008D900 /* ShareExtension.entitlements */ = {isa = PBXFileReference; lastKnownFileType = text.plist.entitlements; path = ShareExtension.entitlements; sourceTree = "<group>"; };
		E32AD6BB26D271C00008D900 /* Config.xcconfig */ = {isa = PBXFileReference; lastKnownFileType = text.xcconfig; path = Config.xcconfig; sourceTree = "<group>"; };
		E32AD6BC26D275070008D900 /* Utilities.swift */ = {isa = PBXFileReference; lastKnownFileType = sourcecode.swift; path = Utilities.swift; sourceTree = "<group>"; };
		E333EB1A2385244E005FCE44 /* SettingsView.swift */ = {isa = PBXFileReference; fileEncoding = 4; lastKnownFileType = sourcecode.swift; lineEnding = 0; path = SettingsView.swift; sourceTree = "<group>"; usesTabs = 1; };
		E3369A99265E344300BAC78B /* URLCommands.swift */ = {isa = PBXFileReference; lastKnownFileType = sourcecode.swift; path = URLCommands.swift; sourceTree = "<group>"; };
		E34FCBCD264D32150022BDD3 /* App.swift */ = {isa = PBXFileReference; lastKnownFileType = sourcecode.swift; path = App.swift; sourceTree = "<group>"; };
		E354442526061C9100CA060F /* Migration.swift */ = {isa = PBXFileReference; lastKnownFileType = sourcecode.swift; path = Migration.swift; sourceTree = "<group>"; };
		E354442B26062D2A00CA060F /* WebsitesWindowController.swift */ = {isa = PBXFileReference; lastKnownFileType = sourcecode.swift; path = WebsitesWindowController.swift; sourceTree = "<group>"; };
		E354442E26062D6300CA060F /* WebsitesView.swift */ = {isa = PBXFileReference; lastKnownFileType = sourcecode.swift; path = WebsitesView.swift; sourceTree = "<group>"; };
		E354443B2607505100CA060F /* WebsitesController.swift */ = {isa = PBXFileReference; lastKnownFileType = sourcecode.swift; path = WebsitesController.swift; sourceTree = "<group>"; };
		E384F27F24C3B37E002FD21B /* Events.swift */ = {isa = PBXFileReference; lastKnownFileType = sourcecode.swift; path = Events.swift; sourceTree = "<group>"; };
		E384F28124C3B3CD002FD21B /* Menus.swift */ = {isa = PBXFileReference; lastKnownFileType = sourcecode.swift; path = Menus.swift; sourceTree = "<group>"; };
		E3EC5A85250D7A0C00ABE1A1 /* WelcomeView.swift */ = {isa = PBXFileReference; fileEncoding = 4; lastKnownFileType = sourcecode.swift; lineEnding = 0; path = WelcomeView.swift; sourceTree = "<group>"; usesTabs = 1; };
		E3FA21AC23C74E6B00059E43 /* InternetAccessPolicy.json */ = {isa = PBXFileReference; fileEncoding = 4; lastKnownFileType = text.json; lineEnding = 0; path = InternetAccessPolicy.json; sourceTree = "<group>"; usesTabs = 1; };
		E3FAF814264333D300CF7963 /* Website.swift */ = {isa = PBXFileReference; lastKnownFileType = sourcecode.swift; path = Website.swift; sourceTree = "<group>"; };
		E3FC71E0271ECA1700C9D255 /* Intents.intentdefinition */ = {isa = PBXFileReference; lastKnownFileType = file.intentdefinition; path = Intents.intentdefinition; sourceTree = "<group>"; };
		E3FC71E2271ECA9200C9D255 /* IntentHandler.swift */ = {isa = PBXFileReference; lastKnownFileType = sourcecode.swift; path = IntentHandler.swift; sourceTree = "<group>"; };
/* End PBXFileReference section */

/* Begin PBXFrameworksBuildPhase section */
		E324212D2384E9D700D28A91 /* Frameworks */ = {
			isa = PBXFrameworksBuildPhase;
			buildActionMask = 2147483647;
			files = (
				E3294F7E255783A800D4172F /* Defaults in Frameworks */,
				E3805F5B2466ED5600489E6C /* KeyboardShortcuts in Frameworks */,
				E3C4E281251540F7007A6078 /* LaunchAtLogin in Frameworks */,
				E30F3D5B278AF95C004A463E /* Sentry in Frameworks */,
			);
			runOnlyForDeploymentPostprocessing = 0;
		};
		E32AD6A626D2718B0008D900 /* Frameworks */ = {
			isa = PBXFrameworksBuildPhase;
			buildActionMask = 2147483647;
			files = (
			);
			runOnlyForDeploymentPostprocessing = 0;
		};
/* End PBXFrameworksBuildPhase section */

/* Begin PBXGroup section */
		E32421272384E9D700D28A91 = {
			isa = PBXGroup;
			children = (
				E32AD6BB26D271C00008D900 /* Config.xcconfig */,
				E32421322384E9D700D28A91 /* Plash */,
				E32AD6AA26D2718B0008D900 /* ShareExtension */,
				E32421312384E9D700D28A91 /* Products */,
			);
			sourceTree = "<group>";
			tabWidth = 4;
			usesTabs = 1;
		};
		E32421312384E9D700D28A91 /* Products */ = {
			isa = PBXGroup;
			children = (
				E32421302384E9D700D28A91 /* Plash.app */,
				E32AD6A926D2718B0008D900 /* ShareExtension.appex */,
			);
			name = Products;
			sourceTree = "<group>";
		};
		E32421322384E9D700D28A91 /* Plash */ = {
			isa = PBXGroup;
			children = (
				E34FCBCD264D32150022BDD3 /* App.swift */,
				E32421552384F09D00D28A91 /* Constants.swift */,
				E32421332384E9D700D28A91 /* AppState.swift */,
				E384F27F24C3B37E002FD21B /* Events.swift */,
				E384F28124C3B3CD002FD21B /* Menus.swift */,
				E354443B2607505100CA060F /* WebsitesController.swift */,
				E3FAF814264333D300CF7963 /* Website.swift */,
				E32421462384EB4E00D28A91 /* DesktopWindow.swift */,
				E30FD88823C4515200C716E9 /* SSWebView.swift */,
				E32421592384FBE500D28A91 /* WebViewController.swift */,
				E354442B26062D2A00CA060F /* WebsitesWindowController.swift */,
				E354442E26062D6300CA060F /* WebsitesView.swift */,
				E32421352384E9D700D28A91 /* AddWebsiteView.swift */,
				E333EB1A2385244E005FCE44 /* SettingsView.swift */,
				E3EC5A85250D7A0C00ABE1A1 /* WelcomeView.swift */,
				E3369A99265E344300BAC78B /* URLCommands.swift */,
				E3FC71E2271ECA9200C9D255 /* IntentHandler.swift */,
				E354442526061C9100CA060F /* Migration.swift */,
				E32421572384F0E600D28A91 /* Utilities.swift */,
				E32421372384E9D900D28A91 /* Assets.xcassets */,
				E3FC71E0271ECA1700C9D255 /* Intents.intentdefinition */,
				E3EF205F24C0D1A100A5F802 /* Other */,
				E32421392384E9D900D28A91 /* Preview Content */,
			);
			path = Plash;
			sourceTree = "<group>";
		};
		E32421392384E9D900D28A91 /* Preview Content */ = {
			isa = PBXGroup;
			children = (
				E324213A2384E9D900D28A91 /* Preview Assets.xcassets */,
			);
			path = "Preview Content";
			sourceTree = "<group>";
		};
		E32AD6AA26D2718B0008D900 /* ShareExtension */ = {
			isa = PBXGroup;
			children = (
				E32AD6AD26D2718B0008D900 /* ShareViewController.swift */,
				E32AD6BC26D275070008D900 /* Utilities.swift */,
				E32AD6B226D2718B0008D900 /* Info.plist */,
				E32AD6B326D2718B0008D900 /* ShareExtension.entitlements */,
			);
			path = ShareExtension;
			sourceTree = "<group>";
		};
		E3EF205F24C0D1A100A5F802 /* Other */ = {
			isa = PBXGroup;
			children = (
				E324213F2384E9D900D28A91 /* Info.plist */,
				E32421402384E9D900D28A91 /* Plash.entitlements */,
				E3FA21AC23C74E6B00059E43 /* InternetAccessPolicy.json */,
			);
			name = Other;
			sourceTree = "<group>";
		};
/* End PBXGroup section */

/* Begin PBXNativeTarget section */
		E324212F2384E9D700D28A91 /* Plash */ = {
			isa = PBXNativeTarget;
			buildConfigurationList = E32421432384E9D900D28A91 /* Build configuration list for PBXNativeTarget "Plash" */;
			buildPhases = (
				E324214B2384EE8E00D28A91 /* SwiftLint */,
				E324212C2384E9D700D28A91 /* Sources */,
				E324212D2384E9D700D28A91 /* Frameworks */,
				E324212E2384E9D700D28A91 /* Resources */,
				E32421542384EF7A00D28A91 /* Copy "Launch at Login Helper" */,
				E32AD6B726D2718B0008D900 /* Embed App Extensions */,
			);
			buildRules = (
			);
			dependencies = (
				E32AD6B526D2718B0008D900 /* PBXTargetDependency */,
			);
			name = Plash;
			packageProductDependencies = (
				E3805F5A2466ED5600489E6C /* KeyboardShortcuts */,
				E3C4E280251540F7007A6078 /* LaunchAtLogin */,
				E3294F7D255783A800D4172F /* Defaults */,
				E30F3D5A278AF95C004A463E /* Sentry */,
			);
			productName = Plash;
			productReference = E32421302384E9D700D28A91 /* Plash.app */;
			productType = "com.apple.product-type.application";
		};
		E32AD6A826D2718B0008D900 /* ShareExtension */ = {
			isa = PBXNativeTarget;
			buildConfigurationList = E32AD6BA26D2718B0008D900 /* Build configuration list for PBXNativeTarget "ShareExtension" */;
			buildPhases = (
				E32AD6A526D2718B0008D900 /* Sources */,
				E32AD6A626D2718B0008D900 /* Frameworks */,
				E32AD6A726D2718B0008D900 /* Resources */,
			);
			buildRules = (
			);
			dependencies = (
			);
			name = ShareExtension;
			productName = ShareExtension;
			productReference = E32AD6A926D2718B0008D900 /* ShareExtension.appex */;
			productType = "com.apple.product-type.app-extension";
		};
/* End PBXNativeTarget section */

/* Begin PBXProject section */
		E32421282384E9D700D28A91 /* Project object */ = {
			isa = PBXProject;
			attributes = {
				LastSwiftUpdateCheck = 1250;
				LastUpgradeCheck = 1200;
				ORGANIZATIONNAME = "Sindre Sorhus";
				TargetAttributes = {
					E324212F2384E9D700D28A91 = {
						CreatedOnToolsVersion = 11.2.1;
					};
					E32AD6A826D2718B0008D900 = {
						CreatedOnToolsVersion = 12.5.1;
					};
				};
			};
			buildConfigurationList = E324212B2384E9D700D28A91 /* Build configuration list for PBXProject "Plash" */;
			compatibilityVersion = "Xcode 13.0";
			developmentRegion = en;
			hasScannedForEncodings = 0;
			knownRegions = (
				en,
				Base,
			);
			mainGroup = E32421272384E9D700D28A91;
			packageReferences = (
				E32421482384ED8300D28A91 /* XCRemoteSwiftPackageReference "Defaults" */,
				E3805F592466ED5600489E6C /* XCRemoteSwiftPackageReference "KeyboardShortcuts" */,
				E3C4E27F251540F7007A6078 /* XCRemoteSwiftPackageReference "LaunchAtLogin" */,
				E30F3D59278AF95C004A463E /* XCRemoteSwiftPackageReference "sentry-cocoa" */,
			);
			productRefGroup = E32421312384E9D700D28A91 /* Products */;
			projectDirPath = "";
			projectRoot = "";
			targets = (
				E324212F2384E9D700D28A91 /* Plash */,
				E32AD6A826D2718B0008D900 /* ShareExtension */,
			);
		};
/* End PBXProject section */

/* Begin PBXResourcesBuildPhase section */
		E324212E2384E9D700D28A91 /* Resources */ = {
			isa = PBXResourcesBuildPhase;
			buildActionMask = 2147483647;
			files = (
				E3FA21AD23C74E6B00059E43 /* InternetAccessPolicy.json in Resources */,
				E324213B2384E9D900D28A91 /* Preview Assets.xcassets in Resources */,
				E32421382384E9D900D28A91 /* Assets.xcassets in Resources */,
			);
			runOnlyForDeploymentPostprocessing = 0;
		};
		E32AD6A726D2718B0008D900 /* Resources */ = {
			isa = PBXResourcesBuildPhase;
			buildActionMask = 2147483647;
			files = (
			);
			runOnlyForDeploymentPostprocessing = 0;
		};
/* End PBXResourcesBuildPhase section */

/* Begin PBXShellScriptBuildPhase section */
		E324214B2384EE8E00D28A91 /* SwiftLint */ = {
			isa = PBXShellScriptBuildPhase;
			buildActionMask = 2147483647;
			files = (
			);
			inputFileListPaths = (
			);
			inputPaths = (
			);
			name = SwiftLint;
			outputFileListPaths = (
			);
			outputPaths = (
			);
			runOnlyForDeploymentPostprocessing = 0;
			shellPath = /bin/sh;
			shellScript = "if which swiftlint >/dev/null; then\n    swiftlint\nelse\n    echo \"warning: SwiftLint not installed\"\nfi\n";
			showEnvVarsInLog = 0;
		};
		E32421542384EF7A00D28A91 /* Copy "Launch at Login Helper" */ = {
			isa = PBXShellScriptBuildPhase;
			buildActionMask = 2147483647;
			files = (
			);
			inputFileListPaths = (
			);
			inputPaths = (
			);
			name = "Copy \"Launch at Login Helper\"";
			outputFileListPaths = (
			);
			outputPaths = (
			);
			runOnlyForDeploymentPostprocessing = 0;
			shellPath = /bin/sh;
			shellScript = "\"${BUILT_PRODUCTS_DIR}/LaunchAtLogin_LaunchAtLogin.bundle/Contents/Resources/copy-helper-swiftpm.sh\"\n";
			showEnvVarsInLog = 0;
		};
/* End PBXShellScriptBuildPhase section */

/* Begin PBXSourcesBuildPhase section */
		E324212C2384E9D700D28A91 /* Sources */ = {
			isa = PBXSourcesBuildPhase;
			buildActionMask = 2147483647;
			files = (
				E32421362384E9D700D28A91 /* AddWebsiteView.swift in Sources */,
				E3369A9A265E344300BAC78B /* URLCommands.swift in Sources */,
				E384F28024C3B37E002FD21B /* Events.swift in Sources */,
				E3FC71E1271ECA1E00C9D255 /* Intents.intentdefinition in Sources */,
				E384F28224C3B3CD002FD21B /* Menus.swift in Sources */,
				E324215A2384FBE500D28A91 /* WebViewController.swift in Sources */,
				E3FC71E3271ECA9200C9D255 /* IntentHandler.swift in Sources */,
				E32421342384E9D700D28A91 /* AppState.swift in Sources */,
				E32421472384EB4E00D28A91 /* DesktopWindow.swift in Sources */,
				E32421582384F0E600D28A91 /* Utilities.swift in Sources */,
				E30FD88923C4515200C716E9 /* SSWebView.swift in Sources */,
				E34FCBCE264D32150022BDD3 /* App.swift in Sources */,
				E32421562384F09D00D28A91 /* Constants.swift in Sources */,
				E3FAF815264333D300CF7963 /* Website.swift in Sources */,
				E354442C26062D2A00CA060F /* WebsitesWindowController.swift in Sources */,
				E333EB1B2385244E005FCE44 /* SettingsView.swift in Sources */,
				E354442F26062D6300CA060F /* WebsitesView.swift in Sources */,
				E354443C2607505100CA060F /* WebsitesController.swift in Sources */,
				E354442626061C9100CA060F /* Migration.swift in Sources */,
				E3EC5A86250D7A0C00ABE1A1 /* WelcomeView.swift in Sources */,
			);
			runOnlyForDeploymentPostprocessing = 0;
		};
		E32AD6A526D2718B0008D900 /* Sources */ = {
			isa = PBXSourcesBuildPhase;
			buildActionMask = 2147483647;
			files = (
				E32AD6BD26D275070008D900 /* Utilities.swift in Sources */,
				E32AD6AE26D2718B0008D900 /* ShareViewController.swift in Sources */,
			);
			runOnlyForDeploymentPostprocessing = 0;
		};
/* End PBXSourcesBuildPhase section */

/* Begin PBXTargetDependency section */
		E32AD6B526D2718B0008D900 /* PBXTargetDependency */ = {
			isa = PBXTargetDependency;
			target = E32AD6A826D2718B0008D900 /* ShareExtension */;
			targetProxy = E32AD6B426D2718B0008D900 /* PBXContainerItemProxy */;
		};
/* End PBXTargetDependency section */

/* Begin XCBuildConfiguration section */
		E32421412384E9D900D28A91 /* Debug */ = {
			isa = XCBuildConfiguration;
			baseConfigurationReference = E32AD6BB26D271C00008D900 /* Config.xcconfig */;
			buildSettings = {
				ALWAYS_SEARCH_USER_PATHS = NO;
				CLANG_ANALYZER_NONNULL = YES;
				CLANG_ANALYZER_NUMBER_OBJECT_CONVERSION = YES_AGGRESSIVE;
				CLANG_CXX_LANGUAGE_STANDARD = "gnu++17";
				CLANG_CXX_LIBRARY = "libc++";
				CLANG_ENABLE_MODULES = YES;
				CLANG_ENABLE_OBJC_ARC = YES;
				CLANG_ENABLE_OBJC_WEAK = YES;
				CLANG_WARN_BLOCK_CAPTURE_AUTORELEASING = YES;
				CLANG_WARN_BOOL_CONVERSION = YES;
				CLANG_WARN_COMMA = YES;
				CLANG_WARN_CONSTANT_CONVERSION = YES;
				CLANG_WARN_DEPRECATED_OBJC_IMPLEMENTATIONS = YES;
				CLANG_WARN_DIRECT_OBJC_ISA_USAGE = YES_ERROR;
				CLANG_WARN_DOCUMENTATION_COMMENTS = YES;
				CLANG_WARN_EMPTY_BODY = YES;
				CLANG_WARN_ENUM_CONVERSION = YES;
				CLANG_WARN_INFINITE_RECURSION = YES;
				CLANG_WARN_INT_CONVERSION = YES;
				CLANG_WARN_NON_LITERAL_NULL_CONVERSION = YES;
				CLANG_WARN_OBJC_IMPLICIT_RETAIN_SELF = YES;
				CLANG_WARN_OBJC_LITERAL_CONVERSION = YES;
				CLANG_WARN_OBJC_ROOT_CLASS = YES_ERROR;
				CLANG_WARN_QUOTED_INCLUDE_IN_FRAMEWORK_HEADER = YES;
				CLANG_WARN_RANGE_LOOP_ANALYSIS = YES;
				CLANG_WARN_STRICT_PROTOTYPES = YES;
				CLANG_WARN_SUSPICIOUS_MOVE = YES;
				CLANG_WARN_UNGUARDED_AVAILABILITY = YES_AGGRESSIVE;
				CLANG_WARN_UNREACHABLE_CODE = YES;
				CLANG_WARN__DUPLICATE_METHOD_MATCH = YES;
				COPY_PHASE_STRIP = NO;
				DEBUG_INFORMATION_FORMAT = dwarf;
				ENABLE_STRICT_OBJC_MSGSEND = YES;
				ENABLE_TESTABILITY = YES;
				GCC_C_LANGUAGE_STANDARD = gnu11;
				GCC_DYNAMIC_NO_PIC = NO;
				GCC_NO_COMMON_BLOCKS = YES;
				GCC_OPTIMIZATION_LEVEL = 0;
				GCC_PREPROCESSOR_DEFINITIONS = (
					"DEBUG=1",
					"$(inherited)",
				);
				GCC_WARN_64_TO_32_BIT_CONVERSION = YES;
				GCC_WARN_ABOUT_RETURN_TYPE = YES_ERROR;
				GCC_WARN_UNDECLARED_SELECTOR = YES;
				GCC_WARN_UNINITIALIZED_AUTOS = YES_AGGRESSIVE;
				GCC_WARN_UNUSED_FUNCTION = YES;
				GCC_WARN_UNUSED_VARIABLE = YES;
				MACOSX_DEPLOYMENT_TARGET = 11.5;
				MTL_ENABLE_DEBUG_INFO = INCLUDE_SOURCE;
				MTL_FAST_MATH = YES;
				ONLY_ACTIVE_ARCH = YES;
				SDKROOT = macosx;
				SWIFT_ACTIVE_COMPILATION_CONDITIONS = DEBUG;
				SWIFT_OPTIMIZATION_LEVEL = "-Onone";
				SWIFT_VERSION = 5.0;
			};
			name = Debug;
		};
		E32421422384E9D900D28A91 /* Release */ = {
			isa = XCBuildConfiguration;
			baseConfigurationReference = E32AD6BB26D271C00008D900 /* Config.xcconfig */;
			buildSettings = {
				ALWAYS_SEARCH_USER_PATHS = NO;
				CLANG_ANALYZER_NONNULL = YES;
				CLANG_ANALYZER_NUMBER_OBJECT_CONVERSION = YES_AGGRESSIVE;
				CLANG_CXX_LANGUAGE_STANDARD = "gnu++17";
				CLANG_CXX_LIBRARY = "libc++";
				CLANG_ENABLE_MODULES = YES;
				CLANG_ENABLE_OBJC_ARC = YES;
				CLANG_ENABLE_OBJC_WEAK = YES;
				CLANG_WARN_BLOCK_CAPTURE_AUTORELEASING = YES;
				CLANG_WARN_BOOL_CONVERSION = YES;
				CLANG_WARN_COMMA = YES;
				CLANG_WARN_CONSTANT_CONVERSION = YES;
				CLANG_WARN_DEPRECATED_OBJC_IMPLEMENTATIONS = YES;
				CLANG_WARN_DIRECT_OBJC_ISA_USAGE = YES_ERROR;
				CLANG_WARN_DOCUMENTATION_COMMENTS = YES;
				CLANG_WARN_EMPTY_BODY = YES;
				CLANG_WARN_ENUM_CONVERSION = YES;
				CLANG_WARN_INFINITE_RECURSION = YES;
				CLANG_WARN_INT_CONVERSION = YES;
				CLANG_WARN_NON_LITERAL_NULL_CONVERSION = YES;
				CLANG_WARN_OBJC_IMPLICIT_RETAIN_SELF = YES;
				CLANG_WARN_OBJC_LITERAL_CONVERSION = YES;
				CLANG_WARN_OBJC_ROOT_CLASS = YES_ERROR;
				CLANG_WARN_QUOTED_INCLUDE_IN_FRAMEWORK_HEADER = YES;
				CLANG_WARN_RANGE_LOOP_ANALYSIS = YES;
				CLANG_WARN_STRICT_PROTOTYPES = YES;
				CLANG_WARN_SUSPICIOUS_MOVE = YES;
				CLANG_WARN_UNGUARDED_AVAILABILITY = YES_AGGRESSIVE;
				CLANG_WARN_UNREACHABLE_CODE = YES;
				CLANG_WARN__DUPLICATE_METHOD_MATCH = YES;
				COPY_PHASE_STRIP = NO;
				DEBUG_INFORMATION_FORMAT = "dwarf-with-dsym";
				ENABLE_NS_ASSERTIONS = NO;
				ENABLE_STRICT_OBJC_MSGSEND = YES;
				GCC_C_LANGUAGE_STANDARD = gnu11;
				GCC_NO_COMMON_BLOCKS = YES;
				GCC_WARN_64_TO_32_BIT_CONVERSION = YES;
				GCC_WARN_ABOUT_RETURN_TYPE = YES_ERROR;
				GCC_WARN_UNDECLARED_SELECTOR = YES;
				GCC_WARN_UNINITIALIZED_AUTOS = YES_AGGRESSIVE;
				GCC_WARN_UNUSED_FUNCTION = YES;
				GCC_WARN_UNUSED_VARIABLE = YES;
				MACOSX_DEPLOYMENT_TARGET = 11.5;
				MTL_ENABLE_DEBUG_INFO = NO;
				MTL_FAST_MATH = YES;
				SDKROOT = macosx;
				SWIFT_COMPILATION_MODE = wholemodule;
				SWIFT_OPTIMIZATION_LEVEL = "-O";
				SWIFT_VERSION = 5.0;
			};
			name = Release;
		};
		E32421442384E9D900D28A91 /* Debug */ = {
			isa = XCBuildConfiguration;
			buildSettings = {
				ASSETCATALOG_COMPILER_APPICON_NAME = AppIcon;
				CODE_SIGN_ENTITLEMENTS = Plash/Plash.entitlements;
				CODE_SIGN_IDENTITY = "Apple Development";
				CODE_SIGN_STYLE = Automatic;
				COMBINE_HIDPI_IMAGES = YES;
				DEVELOPMENT_ASSET_PATHS = "\"Plash/Preview Content\"";
				DEVELOPMENT_TEAM = YG56YK5RN5;
				ENABLE_HARDENED_RUNTIME = YES;
				ENABLE_PREVIEWS = YES;
				INFOPLIST_FILE = Plash/Info.plist;
				LD_RUNPATH_SEARCH_PATHS = (
					"$(inherited)",
					"@executable_path/../Frameworks",
				);
				PRODUCT_BUNDLE_IDENTIFIER = com.sindresorhus.Plash;
				PRODUCT_NAME = "$(TARGET_NAME)";
				SWIFT_EMIT_LOC_STRINGS = YES;
			};
			name = Debug;
		};
		E32421452384E9D900D28A91 /* Release */ = {
			isa = XCBuildConfiguration;
			buildSettings = {
				ASSETCATALOG_COMPILER_APPICON_NAME = AppIcon;
				CODE_SIGN_ENTITLEMENTS = Plash/Plash.entitlements;
				CODE_SIGN_IDENTITY = "Apple Development";
				CODE_SIGN_STYLE = Automatic;
				COMBINE_HIDPI_IMAGES = YES;
				DEVELOPMENT_ASSET_PATHS = "\"Plash/Preview Content\"";
				DEVELOPMENT_TEAM = YG56YK5RN5;
				ENABLE_HARDENED_RUNTIME = YES;
				ENABLE_PREVIEWS = YES;
				INFOPLIST_FILE = Plash/Info.plist;
				LD_RUNPATH_SEARCH_PATHS = (
					"$(inherited)",
					"@executable_path/../Frameworks",
				);
				PRODUCT_BUNDLE_IDENTIFIER = com.sindresorhus.Plash;
				PRODUCT_NAME = "$(TARGET_NAME)";
			};
			name = Release;
		};
		E32AD6B826D2718B0008D900 /* Debug */ = {
			isa = XCBuildConfiguration;
			buildSettings = {
				CODE_SIGN_ENTITLEMENTS = ShareExtension/ShareExtension.entitlements;
				CODE_SIGN_IDENTITY = "Apple Development";
				CODE_SIGN_STYLE = Automatic;
				COMBINE_HIDPI_IMAGES = YES;
				DEVELOPMENT_TEAM = YG56YK5RN5;
				ENABLE_HARDENED_RUNTIME = YES;
				INFOPLIST_FILE = ShareExtension/Info.plist;
				LD_RUNPATH_SEARCH_PATHS = (
					"$(inherited)",
					"@executable_path/../Frameworks",
					"@executable_path/../../../../Frameworks",
				);
				PRODUCT_BUNDLE_IDENTIFIER = com.sindresorhus.Plash.ShareExtension;
				PRODUCT_NAME = "$(TARGET_NAME)";
				SKIP_INSTALL = YES;
			};
			name = Debug;
		};
		E32AD6B926D2718B0008D900 /* Release */ = {
			isa = XCBuildConfiguration;
			buildSettings = {
				CODE_SIGN_ENTITLEMENTS = ShareExtension/ShareExtension.entitlements;
				CODE_SIGN_IDENTITY = "Apple Development";
				CODE_SIGN_STYLE = Automatic;
				COMBINE_HIDPI_IMAGES = YES;
				DEVELOPMENT_TEAM = YG56YK5RN5;
				ENABLE_HARDENED_RUNTIME = YES;
				INFOPLIST_FILE = ShareExtension/Info.plist;
				LD_RUNPATH_SEARCH_PATHS = (
					"$(inherited)",
					"@executable_path/../Frameworks",
					"@executable_path/../../../../Frameworks",
				);
				PRODUCT_BUNDLE_IDENTIFIER = com.sindresorhus.Plash.ShareExtension;
				PRODUCT_NAME = "$(TARGET_NAME)";
				SKIP_INSTALL = YES;
			};
			name = Release;
		};
/* End XCBuildConfiguration section */

/* Begin XCConfigurationList section */
		E324212B2384E9D700D28A91 /* Build configuration list for PBXProject "Plash" */ = {
			isa = XCConfigurationList;
			buildConfigurations = (
				E32421412384E9D900D28A91 /* Debug */,
				E32421422384E9D900D28A91 /* Release */,
			);
			defaultConfigurationIsVisible = 0;
			defaultConfigurationName = Release;
		};
		E32421432384E9D900D28A91 /* Build configuration list for PBXNativeTarget "Plash" */ = {
			isa = XCConfigurationList;
			buildConfigurations = (
				E32421442384E9D900D28A91 /* Debug */,
				E32421452384E9D900D28A91 /* Release */,
			);
			defaultConfigurationIsVisible = 0;
			defaultConfigurationName = Release;
		};
		E32AD6BA26D2718B0008D900 /* Build configuration list for PBXNativeTarget "ShareExtension" */ = {
			isa = XCConfigurationList;
			buildConfigurations = (
				E32AD6B826D2718B0008D900 /* Debug */,
				E32AD6B926D2718B0008D900 /* Release */,
			);
			defaultConfigurationIsVisible = 0;
			defaultConfigurationName = Release;
		};
/* End XCConfigurationList section */

/* Begin XCRemoteSwiftPackageReference section */
		E30F3D59278AF95C004A463E /* XCRemoteSwiftPackageReference "sentry-cocoa" */ = {
			isa = XCRemoteSwiftPackageReference;
			repositoryURL = "https://github.com/getsentry/sentry-cocoa";
			requirement = {
				kind = upToNextMajorVersion;
				minimumVersion = 7.8.0;
			};
		};
		E32421482384ED8300D28A91 /* XCRemoteSwiftPackageReference "Defaults" */ = {
			isa = XCRemoteSwiftPackageReference;
			repositoryURL = "https://github.com/sindresorhus/Defaults";
			requirement = {
				kind = upToNextMajorVersion;
				minimumVersion = 6.1.0;
			};
		};
		E3805F592466ED5600489E6C /* XCRemoteSwiftPackageReference "KeyboardShortcuts" */ = {
			isa = XCRemoteSwiftPackageReference;
			repositoryURL = "https://github.com/sindresorhus/KeyboardShortcuts";
			requirement = {
				kind = upToNextMajorVersion;
				minimumVersion = 1.3.0;
			};
		};
		E3C4E27F251540F7007A6078 /* XCRemoteSwiftPackageReference "LaunchAtLogin" */ = {
			isa = XCRemoteSwiftPackageReference;
			repositoryURL = "https://github.com/sindresorhus/LaunchAtLogin";
			requirement = {
				kind = upToNextMajorVersion;
				minimumVersion = 4.2.0;
			};
		};
/* End XCRemoteSwiftPackageReference section */

/* Begin XCSwiftPackageProductDependency section */
		E30F3D5A278AF95C004A463E /* Sentry */ = {
			isa = XCSwiftPackageProductDependency;
			package = E30F3D59278AF95C004A463E /* XCRemoteSwiftPackageReference "sentry-cocoa" */;
			productName = Sentry;
		};
		E3294F7D255783A800D4172F /* Defaults */ = {
			isa = XCSwiftPackageProductDependency;
			package = E32421482384ED8300D28A91 /* XCRemoteSwiftPackageReference "Defaults" */;
			productName = Defaults;
		};
		E3805F5A2466ED5600489E6C /* KeyboardShortcuts */ = {
			isa = XCSwiftPackageProductDependency;
			package = E3805F592466ED5600489E6C /* XCRemoteSwiftPackageReference "KeyboardShortcuts" */;
			productName = KeyboardShortcuts;
		};
		E3C4E280251540F7007A6078 /* LaunchAtLogin */ = {
			isa = XCSwiftPackageProductDependency;
			package = E3C4E27F251540F7007A6078 /* XCRemoteSwiftPackageReference "LaunchAtLogin" */;
			productName = LaunchAtLogin;
		};
/* End XCSwiftPackageProductDependency section */
	};
	rootObject = E32421282384E9D700D28A91 /* Project object */;
}
